
Microsoft Visual Studio Solution File, Format Version 12.00
# Visual Studio Version 17
VisualStudioVersion = 17.4.33122.133
MinimumVisualStudioVersion = 10.0.40219.1
Project("{FAE04EC0-301F-11D3-BF4B-00C04F79EFBC}") = "Kosta_Task", "Kosta_Task.csproj", "{A72D83CE-9639-4E0E-89C5-7F03B71347AF}"
EndProject
Global
	GlobalSection(SolutionConfigurationPlatforms) = preSolution
		Debug|Any CPU = Debug|Any CPU
		Release|Any CPU = Release|Any CPU
	EndGlobalSection
	GlobalSection(ProjectConfigurationPlatforms) = postSolution
		{A72D83CE-9639-4E0E-89C5-7F03B71347AF}.Debug|Any CPU.ActiveCfg = Debug|Any CPU
		{A72D83CE-9639-4E0E-89C5-7F03B71347AF}.Debug|Any CPU.Build.0 = Debug|Any CPU
		{A72D83CE-9639-4E0E-89C5-7F03B71347AF}.Release|Any CPU.ActiveCfg = Release|Any CPU
		{A72D83CE-9639-4E0E-89C5-7F03B71347AF}.Release|Any CPU.Build.0 = Release|Any CPU
	EndGlobalSection
	GlobalSection(SolutionProperties) = preSolution
		HideSolutionNode = FALSE
	EndGlobalSection
	GlobalSection(ExtensibilityGlobals) = postSolution
		SolutionGuid = {CDAE8649-EF0B-4D89-944C-56EC8FBD1525}
	EndGlobalSection
EndGlobal
